
Microsoft Visual Studio Solution File, Format Version 12.00
# Visual Studio Version 17
VisualStudioVersion = 17.0.32112.339
MinimumVisualStudioVersion = 10.0.40219.1
Project("{FAE04EC0-301F-11D3-BF4B-00C04F79EFBC}") = "Class-Interfaces-Vehicle", "Class-Interfaces-Vehicle\Class-Interfaces-Vehicle.csproj", "{BBF18F0E-28EB-4CB6-B85A-6CF921EDD773}"
EndProject
Global
	GlobalSection(SolutionConfigurationPlatforms) = preSolution
		Debug|Any CPU = Debug|Any CPU
		Release|Any CPU = Release|Any CPU
	EndGlobalSection
	GlobalSection(ProjectConfigurationPlatforms) = postSolution
		{BBF18F0E-28EB-4CB6-B85A-6CF921EDD773}.Debug|Any CPU.ActiveCfg = Debug|Any CPU
		{BBF18F0E-28EB-4CB6-B85A-6CF921EDD773}.Debug|Any CPU.Build.0 = Debug|Any CPU
		{BBF18F0E-28EB-4CB6-B85A-6CF921EDD773}.Release|Any CPU.ActiveCfg = Release|Any CPU
		{BBF18F0E-28EB-4CB6-B85A-6CF921EDD773}.Release|Any CPU.Build.0 = Release|Any CPU
	EndGlobalSection
	GlobalSection(SolutionProperties) = preSolution
		HideSolutionNode = FALSE
	EndGlobalSection
	GlobalSection(ExtensibilityGlobals) = postSolution
		SolutionGuid = {7ED5C939-8565-4329-B556-DFFBBCD7A235}
	EndGlobalSection
EndGlobal
